
Microsoft Visual Studio Solution File, Format Version 12.00
# Visual Studio Version 16
VisualStudioVersion = 16.0.31129.286
MinimumVisualStudioVersion = 10.0.40219.1
Project("{9A19103F-16F7-4668-BE54-9A1E7A4F7556}") = "yopngs", "yopngs\yopngs.csproj", "{79A1F728-0A2D-497A-9C4B-E7B741FCCF3C}"
EndProject
Global
	GlobalSection(SolutionConfigurationPlatforms) = preSolution
		Debug|Any CPU = Debug|Any CPU
		Release|Any CPU = Release|Any CPU
	EndGlobalSection
	GlobalSection(ProjectConfigurationPlatforms) = postSolution
		{79A1F728-0A2D-497A-9C4B-E7B741FCCF3C}.Debug|Any CPU.ActiveCfg = Debug|Any CPU
		{79A1F728-0A2D-497A-9C4B-E7B741FCCF3C}.Debug|Any CPU.Build.0 = Debug|Any CPU
		{79A1F728-0A2D-497A-9C4B-E7B741FCCF3C}.Release|Any CPU.ActiveCfg = Release|Any CPU
		{79A1F728-0A2D-497A-9C4B-E7B741FCCF3C}.Release|Any CPU.Build.0 = Release|Any CPU
	EndGlobalSection
	GlobalSection(SolutionProperties) = preSolution
		HideSolutionNode = FALSE
	EndGlobalSection
	GlobalSection(ExtensibilityGlobals) = postSolution
		SolutionGuid = {69890056-9C2F-480E-B9EE-2E12395A240B}
	EndGlobalSection
EndGlobal
